
Microsoft Visual Studio Solution File, Format Version 12.00
# Visual Studio Version 16
VisualStudioVersion = 16.0.31321.278
MinimumVisualStudioVersion = 10.0.40219.1
Project("{9A19103F-16F7-4668-BE54-9A1E7A4F7556}") = "KampIntro", "KampIntro\KampIntro.csproj", "{99B3EB38-FAAC-4BE2-A22E-047A42D78505}"
EndProject
Project("{9A19103F-16F7-4668-BE54-9A1E7A4F7556}") = "Donguler", "Donguler\Donguler.csproj", "{ABD71D58-CE91-4DBB-A6E0-E8D16D6CE937}"
EndProject
Project("{9A19103F-16F7-4668-BE54-9A1E7A4F7556}") = "ClassIntro", "ClassIntro\ClassIntro.csproj", "{9BF7E758-DF7C-4681-A480-BD6D4E768454}"
EndProject
Project("{9A19103F-16F7-4668-BE54-9A1E7A4F7556}") = "ProductList", "ProductList\ProductList.csproj", "{E5B0C63A-3B4E-45AF-B99A-DB121922D10C}"
EndProject
Project("{9A19103F-16F7-4668-BE54-9A1E7A4F7556}") = "Methods", "Methods\Methods.csproj", "{E16A15B1-957D-469C-9BB2-C2F185442CED}"
EndProject
Project("{9A19103F-16F7-4668-BE54-9A1E7A4F7556}") = "Math", "Math\Math.csproj", "{2BBD84A6-F0A6-4346-8F5D-87D3F7DDCA73}"
EndProject
Project("{9A19103F-16F7-4668-BE54-9A1E7A4F7556}") = "DegerVeReferansTipler", "DegerVeReferansTipler\DegerVeReferansTipler.csproj", "{E2CD7B9C-8F90-4AD9-B68B-126864CAA39B}"
EndProject
Project("{9A19103F-16F7-4668-BE54-9A1E7A4F7556}") = "OOP1", "OOP1\OOP1.csproj", "{FB6EA4C7-D451-4056-8954-D0F1C8E8F3FB}"
EndProject
Project("{9A19103F-16F7-4668-BE54-9A1E7A4F7556}") = "Collections", "Collections\Collections.csproj", "{9FFCF40C-4C9C-4165-A4F3-B4CB3E777029}"
EndProject
Project("{9A19103F-16F7-4668-BE54-9A1E7A4F7556}") = "GenericsIntro", "GenericsIntro\GenericsIntro.csproj", "{272FF155-36F0-4508-B4CC-E32A1A397DE6}"
EndProject
Project("{9A19103F-16F7-4668-BE54-9A1E7A4F7556}") = "ClassMetotDemo", "ClassMetotDemo\ClassMetotDemo.csproj", "{C362758C-7A00-4C27-9D1C-C0E36B3AAF0C}"
EndProject
Project("{9A19103F-16F7-4668-BE54-9A1E7A4F7556}") = "ReferenceTypes", "ReferenceTypes\ReferenceTypes.csproj", "{D7FF7C2D-B717-44D7-9CC0-C22F4DE21368}"
EndProject
Project("{9A19103F-16F7-4668-BE54-9A1E7A4F7556}") = "Constructors", "Constructors\Constructors.csproj", "{891CF610-9A97-4009-A8CC-0DE88F358FAC}"
EndProject
Project("{FAE04EC0-301F-11D3-BF4B-00C04F79EFBC}") = "Generics", "Generics\Generics.csproj", "{2619AB11-682A-49CB-85EF-9187EE29A523}"
EndProject
Global
	GlobalSection(SolutionConfigurationPlatforms) = preSolution
		Debug|Any CPU = Debug|Any CPU
		Release|Any CPU = Release|Any CPU
	EndGlobalSection
	GlobalSection(ProjectConfigurationPlatforms) = postSolution
		{99B3EB38-FAAC-4BE2-A22E-047A42D78505}.Debug|Any CPU.ActiveCfg = Debug|Any CPU
		{99B3EB38-FAAC-4BE2-A22E-047A42D78505}.Debug|Any CPU.Build.0 = Debug|Any CPU
		{99B3EB38-FAAC-4BE2-A22E-047A42D78505}.Release|Any CPU.ActiveCfg = Release|Any CPU
		{99B3EB38-FAAC-4BE2-A22E-047A42D78505}.Release|Any CPU.Build.0 = Release|Any CPU
		{ABD71D58-CE91-4DBB-A6E0-E8D16D6CE937}.Debug|Any CPU.ActiveCfg = Debug|Any CPU
		{ABD71D58-CE91-4DBB-A6E0-E8D16D6CE937}.Debug|Any CPU.Build.0 = Debug|Any CPU
		{ABD71D58-CE91-4DBB-A6E0-E8D16D6CE937}.Release|Any CPU.ActiveCfg = Release|Any CPU
		{ABD71D58-CE91-4DBB-A6E0-E8D16D6CE937}.Release|Any CPU.Build.0 = Release|Any CPU
		{9BF7E758-DF7C-4681-A480-BD6D4E768454}.Debug|Any CPU.ActiveCfg = Debug|Any CPU
		{9BF7E758-DF7C-4681-A480-BD6D4E768454}.Debug|Any CPU.Build.0 = Debug|Any CPU
		{9BF7E758-DF7C-4681-A480-BD6D4E768454}.Release|Any CPU.ActiveCfg = Release|Any CPU
		{9BF7E758-DF7C-4681-A480-BD6D4E768454}.Release|Any CPU.Build.0 = Release|Any CPU
		{E5B0C63A-3B4E-45AF-B99A-DB121922D10C}.Debug|Any CPU.ActiveCfg = Debug|Any CPU
		{E5B0C63A-3B4E-45AF-B99A-DB121922D10C}.Debug|Any CPU.Build.0 = Debug|Any CPU
		{E5B0C63A-3B4E-45AF-B99A-DB121922D10C}.Release|Any CPU.ActiveCfg = Release|Any CPU
		{E5B0C63A-3B4E-45AF-B99A-DB121922D10C}.Release|Any CPU.Build.0 = Release|Any CPU
		{E16A15B1-957D-469C-9BB2-C2F185442CED}.Debug|Any CPU.ActiveCfg = Debug|Any CPU
		{E16A15B1-957D-469C-9BB2-C2F185442CED}.Debug|Any CPU.Build.0 = Debug|Any CPU
		{E16A15B1-957D-469C-9BB2-C2F185442CED}.Release|Any CPU.ActiveCfg = Release|Any CPU
		{E16A15B1-957D-469C-9BB2-C2F185442CED}.Release|Any CPU.Build.0 = Release|Any CPU
		{2BBD84A6-F0A6-4346-8F5D-87D3F7DDCA73}.Debug|Any CPU.ActiveCfg = Debug|Any CPU
		{2BBD84A6-F0A6-4346-8F5D-87D3F7DDCA73}.Debug|Any CPU.Build.0 = Debug|Any CPU
		{2BBD84A6-F0A6-4346-8F5D-87D3F7DDCA73}.Release|Any CPU.ActiveCfg = Release|Any CPU
		{2BBD84A6-F0A6-4346-8F5D-87D3F7DDCA73}.Release|Any CPU.Build.0 = Release|Any CPU
		{E2CD7B9C-8F90-4AD9-B68B-126864CAA39B}.Debug|Any CPU.ActiveCfg = Debug|Any CPU
		{E2CD7B9C-8F90-4AD9-B68B-126864CAA39B}.Debug|Any CPU.Build.0 = Debug|Any CPU
		{E2CD7B9C-8F90-4AD9-B68B-126864CAA39B}.Release|Any CPU.ActiveCfg = Release|Any CPU
		{E2CD7B9C-8F90-4AD9-B68B-126864CAA39B}.Release|Any CPU.Build.0 = Release|Any CPU
		{FB6EA4C7-D451-4056-8954-D0F1C8E8F3FB}.Debug|Any CPU.ActiveCfg = Debug|Any CPU
		{FB6EA4C7-D451-4056-8954-D0F1C8E8F3FB}.Debug|Any CPU.Build.0 = Debug|Any CPU
		{FB6EA4C7-D451-4056-8954-D0F1C8E8F3FB}.Release|Any CPU.ActiveCfg = Release|Any CPU
		{FB6EA4C7-D451-4056-8954-D0F1C8E8F3FB}.Release|Any CPU.Build.0 = Release|Any CPU
		{9FFCF40C-4C9C-4165-A4F3-B4CB3E777029}.Debug|Any CPU.ActiveCfg = Debug|Any CPU
		{9FFCF40C-4C9C-4165-A4F3-B4CB3E777029}.Debug|Any CPU.Build.0 = Debug|Any CPU
		{9FFCF40C-4C9C-4165-A4F3-B4CB3E777029}.Release|Any CPU.ActiveCfg = Release|Any CPU
		{9FFCF40C-4C9C-4165-A4F3-B4CB3E777029}.Release|Any CPU.Build.0 = Release|Any CPU
		{272FF155-36F0-4508-B4CC-E32A1A397DE6}.Debug|Any CPU.ActiveCfg = Debug|Any CPU
		{272FF155-36F0-4508-B4CC-E32A1A397DE6}.Debug|Any CPU.Build.0 = Debug|Any CPU
		{272FF155-36F0-4508-B4CC-E32A1A397DE6}.Release|Any CPU.ActiveCfg = Release|Any CPU
		{272FF155-36F0-4508-B4CC-E32A1A397DE6}.Release|Any CPU.Build.0 = Release|Any CPU
		{C362758C-7A00-4C27-9D1C-C0E36B3AAF0C}.Debug|Any CPU.ActiveCfg = Debug|Any CPU
		{C362758C-7A00-4C27-9D1C-C0E36B3AAF0C}.Debug|Any CPU.Build.0 = Debug|Any CPU
		{C362758C-7A00-4C27-9D1C-C0E36B3AAF0C}.Release|Any CPU.ActiveCfg = Release|Any CPU
		{C362758C-7A00-4C27-9D1C-C0E36B3AAF0C}.Release|Any CPU.Build.0 = Release|Any CPU
		{D7FF7C2D-B717-44D7-9CC0-C22F4DE21368}.Debug|Any CPU.ActiveCfg = Debug|Any CPU
		{D7FF7C2D-B717-44D7-9CC0-C22F4DE21368}.Debug|Any CPU.Build.0 = Debug|Any CPU
		{D7FF7C2D-B717-44D7-9CC0-C22F4DE21368}.Release|Any CPU.ActiveCfg = Release|Any CPU
		{D7FF7C2D-B717-44D7-9CC0-C22F4DE21368}.Release|Any CPU.Build.0 = Release|Any CPU
		{891CF610-9A97-4009-A8CC-0DE88F358FAC}.Debug|Any CPU.ActiveCfg = Debug|Any CPU
		{891CF610-9A97-4009-A8CC-0DE88F358FAC}.Debug|Any CPU.Build.0 = Debug|Any CPU
		{891CF610-9A97-4009-A8CC-0DE88F358FAC}.Release|Any CPU.ActiveCfg = Release|Any CPU
		{891CF610-9A97-4009-A8CC-0DE88F358FAC}.Release|Any CPU.Build.0 = Release|Any CPU
		{2619AB11-682A-49CB-85EF-9187EE29A523}.Debug|Any CPU.ActiveCfg = Debug|Any CPU
		{2619AB11-682A-49CB-85EF-9187EE29A523}.Debug|Any CPU.Build.0 = Debug|Any CPU
		{2619AB11-682A-49CB-85EF-9187EE29A523}.Release|Any CPU.ActiveCfg = Release|Any CPU
		{2619AB11-682A-49CB-85EF-9187EE29A523}.Release|Any CPU.Build.0 = Release|Any CPU
	EndGlobalSection
	GlobalSection(SolutionProperties) = preSolution
		HideSolutionNode = FALSE
	EndGlobalSection
	GlobalSection(ExtensibilityGlobals) = postSolution
		SolutionGuid = {DA98D45B-D8C0-4A7C-91AA-EA89693CA683}
	EndGlobalSection
EndGlobal
